
Microsoft Visual Studio Solution File, Format Version 12.00
# Visual Studio Version 17
VisualStudioVersion = 17.8.34525.116
MinimumVisualStudioVersion = 10.0.40219.1
Project("{9A19103F-16F7-4668-BE54-9A1E7A4F7556}") = "CinemaExperience", "CinemaExperience\CinemaExperience.csproj", "{07750BCC-A83E-4817-B5C7-9B7EC057E6D5}"
EndProject
Project("{9A19103F-16F7-4668-BE54-9A1E7A4F7556}") = "CinemaExperience.Core", "CinemaExperience.Core\CinemaExperience.Core.csproj", "{6969E363-22D3-4A2A-8C7D-0B3F5C66D1D4}"
EndProject
Project("{9A19103F-16F7-4668-BE54-9A1E7A4F7556}") = "CinemaExperience.Infrastructure", "CinemaExperience.Infrastructure\CinemaExperience.Infrastructure.csproj", "{E6D6A6D1-07DD-48D2-BC0E-3D81A10D4CD3}"
EndProject
Project("{FAE04EC0-301F-11D3-BF4B-00C04F79EFBC}") = "CinemaExperience.UnitTests", "CinemaExperience.UnitTests\CinemaExperience.UnitTests.csproj", "{56BE061B-A5B8-4A6F-A11B-D9B15363EA4B}"
EndProject
Global
	GlobalSection(SolutionConfigurationPlatforms) = preSolution
		Debug|Any CPU = Debug|Any CPU
		Release|Any CPU = Release|Any CPU
	EndGlobalSection
	GlobalSection(ProjectConfigurationPlatforms) = postSolution
		{07750BCC-A83E-4817-B5C7-9B7EC057E6D5}.Debug|Any CPU.ActiveCfg = Debug|Any CPU
		{07750BCC-A83E-4817-B5C7-9B7EC057E6D5}.Debug|Any CPU.Build.0 = Debug|Any CPU
		{07750BCC-A83E-4817-B5C7-9B7EC057E6D5}.Release|Any CPU.ActiveCfg = Release|Any CPU
		{07750BCC-A83E-4817-B5C7-9B7EC057E6D5}.Release|Any CPU.Build.0 = Release|Any CPU
		{6969E363-22D3-4A2A-8C7D-0B3F5C66D1D4}.Debug|Any CPU.ActiveCfg = Debug|Any CPU
		{6969E363-22D3-4A2A-8C7D-0B3F5C66D1D4}.Debug|Any CPU.Build.0 = Debug|Any CPU
		{6969E363-22D3-4A2A-8C7D-0B3F5C66D1D4}.Release|Any CPU.ActiveCfg = Release|Any CPU
		{6969E363-22D3-4A2A-8C7D-0B3F5C66D1D4}.Release|Any CPU.Build.0 = Release|Any CPU
		{E6D6A6D1-07DD-48D2-BC0E-3D81A10D4CD3}.Debug|Any CPU.ActiveCfg = Debug|Any CPU
		{E6D6A6D1-07DD-48D2-BC0E-3D81A10D4CD3}.Debug|Any CPU.Build.0 = Debug|Any CPU
		{E6D6A6D1-07DD-48D2-BC0E-3D81A10D4CD3}.Release|Any CPU.ActiveCfg = Release|Any CPU
		{E6D6A6D1-07DD-48D2-BC0E-3D81A10D4CD3}.Release|Any CPU.Build.0 = Release|Any CPU
		{56BE061B-A5B8-4A6F-A11B-D9B15363EA4B}.Debug|Any CPU.ActiveCfg = Debug|Any CPU
		{56BE061B-A5B8-4A6F-A11B-D9B15363EA4B}.Debug|Any CPU.Build.0 = Debug|Any CPU
		{56BE061B-A5B8-4A6F-A11B-D9B15363EA4B}.Release|Any CPU.ActiveCfg = Release|Any CPU
		{56BE061B-A5B8-4A6F-A11B-D9B15363EA4B}.Release|Any CPU.Build.0 = Release|Any CPU
	EndGlobalSection
	GlobalSection(SolutionProperties) = preSolution
		HideSolutionNode = FALSE
	EndGlobalSection
	GlobalSection(ExtensibilityGlobals) = postSolution
		SolutionGuid = {E462489D-6B56-407E-8830-050D1FE28F67}
	EndGlobalSection
EndGlobal
