
Microsoft Visual Studio Solution File, Format Version 12.00
# Visual Studio Version 17
VisualStudioVersion = 17.8.34525.116
MinimumVisualStudioVersion = 10.0.40219.1
Project("{FAE04EC0-301F-11D3-BF4B-00C04F79EFBC}") = "CinemaExperience", "CinemaExperience\CinemaExperience.csproj", "{07750BCC-A83E-4817-B5C7-9B7EC057E6D5}"
EndProject
Global
	GlobalSection(SolutionConfigurationPlatforms) = preSolution
		Debug|Any CPU = Debug|Any CPU
		Release|Any CPU = Release|Any CPU
	EndGlobalSection
	GlobalSection(ProjectConfigurationPlatforms) = postSolution
		{07750BCC-A83E-4817-B5C7-9B7EC057E6D5}.Debug|Any CPU.ActiveCfg = Debug|Any CPU
		{07750BCC-A83E-4817-B5C7-9B7EC057E6D5}.Debug|Any CPU.Build.0 = Debug|Any CPU
		{07750BCC-A83E-4817-B5C7-9B7EC057E6D5}.Release|Any CPU.ActiveCfg = Release|Any CPU
		{07750BCC-A83E-4817-B5C7-9B7EC057E6D5}.Release|Any CPU.Build.0 = Release|Any CPU
	EndGlobalSection
	GlobalSection(SolutionProperties) = preSolution
		HideSolutionNode = FALSE
	EndGlobalSection
	GlobalSection(ExtensibilityGlobals) = postSolution
		SolutionGuid = {E462489D-6B56-407E-8830-050D1FE28F67}
	EndGlobalSection
EndGlobal
